
Microsoft Visual Studio Solution File, Format Version 12.00
# Visual Studio 15
VisualStudioVersion = 15.0.28307.489
MinimumVisualStudioVersion = 10.0.40219.1
Project("{FAE04EC0-301F-11D3-BF4B-00C04F79EFBC}") = "app.Android", "app\app.Android\app.Android.csproj", "{DD7EC4D5-EEAC-4655-AC0E-D8B561074790}"
EndProject
Project("{FAE04EC0-301F-11D3-BF4B-00C04F79EFBC}") = "app.iOS", "app\app.iOS\app.iOS.csproj", "{869EB170-D63F-49A8-A4A5-255ED39FCA29}"
EndProject
Project("{FAE04EC0-301F-11D3-BF4B-00C04F79EFBC}") = "app.UWP", "app\app.UWP\app.UWP.csproj", "{4BD1D62B-6480-41F4-8DAA-9787EB28156A}"
EndProject
Project("{FAE04EC0-301F-11D3-BF4B-00C04F79EFBC}") = "app", "app\app\app.csproj", "{FF84B04B-AEB9-48D2-9657-647BC34F9D4B}"
EndProject
Global
	GlobalSection(SolutionConfigurationPlatforms) = preSolution
		Ad-Hoc|Any CPU = Ad-Hoc|Any CPU
		Ad-Hoc|ARM = Ad-Hoc|ARM
		Ad-Hoc|iPhone = Ad-Hoc|iPhone
		Ad-Hoc|iPhoneSimulator = Ad-Hoc|iPhoneSimulator
		Ad-Hoc|x64 = Ad-Hoc|x64
		Ad-Hoc|x86 = Ad-Hoc|x86
		AppStore|Any CPU = AppStore|Any CPU
		AppStore|ARM = AppStore|ARM
		AppStore|iPhone = AppStore|iPhone
		AppStore|iPhoneSimulator = AppStore|iPhoneSimulator
		AppStore|x64 = AppStore|x64
		AppStore|x86 = AppStore|x86
		Debug|Any CPU = Debug|Any CPU
		Debug|ARM = Debug|ARM
		Debug|iPhone = Debug|iPhone
		Debug|iPhoneSimulator = Debug|iPhoneSimulator
		Debug|x64 = Debug|x64
		Debug|x86 = Debug|x86
		Release|Any CPU = Release|Any CPU
		Release|ARM = Release|ARM
		Release|iPhone = Release|iPhone
		Release|iPhoneSimulator = Release|iPhoneSimulator
		Release|x64 = Release|x64
		Release|x86 = Release|x86
	EndGlobalSection
	GlobalSection(ProjectConfigurationPlatforms) = postSolution
		{DD7EC4D5-EEAC-4655-AC0E-D8B561074790}.Ad-Hoc|Any CPU.ActiveCfg = Release|Any CPU
		{DD7EC4D5-EEAC-4655-AC0E-D8B561074790}.Ad-Hoc|Any CPU.Build.0 = Release|Any CPU
		{DD7EC4D5-EEAC-4655-AC0E-D8B561074790}.Ad-Hoc|Any CPU.Deploy.0 = Release|Any CPU
		{DD7EC4D5-EEAC-4655-AC0E-D8B561074790}.Ad-Hoc|ARM.ActiveCfg = Release|Any CPU
		{DD7EC4D5-EEAC-4655-AC0E-D8B561074790}.Ad-Hoc|ARM.Build.0 = Release|Any CPU
		{DD7EC4D5-EEAC-4655-AC0E-D8B561074790}.Ad-Hoc|ARM.Deploy.0 = Release|Any CPU
		{DD7EC4D5-EEAC-4655-AC0E-D8B561074790}.Ad-Hoc|iPhone.ActiveCfg = Release|Any CPU
		{DD7EC4D5-EEAC-4655-AC0E-D8B561074790}.Ad-Hoc|iPhone.Build.0 = Release|Any CPU
		{DD7EC4D5-EEAC-4655-AC0E-D8B561074790}.Ad-Hoc|iPhone.Deploy.0 = Release|Any CPU
		{DD7EC4D5-EEAC-4655-AC0E-D8B561074790}.Ad-Hoc|iPhoneSimulator.ActiveCfg = Release|Any CPU
		{DD7EC4D5-EEAC-4655-AC0E-D8B561074790}.Ad-Hoc|iPhoneSimulator.Build.0 = Release|Any CPU
		{DD7EC4D5-EEAC-4655-AC0E-D8B561074790}.Ad-Hoc|iPhoneSimulator.Deploy.0 = Release|Any CPU
		{DD7EC4D5-EEAC-4655-AC0E-D8B561074790}.Ad-Hoc|x64.ActiveCfg = Release|Any CPU
		{DD7EC4D5-EEAC-4655-AC0E-D8B561074790}.Ad-Hoc|x64.Build.0 = Release|Any CPU
		{DD7EC4D5-EEAC-4655-AC0E-D8B561074790}.Ad-Hoc|x64.Deploy.0 = Release|Any CPU
		{DD7EC4D5-EEAC-4655-AC0E-D8B561074790}.Ad-Hoc|x86.ActiveCfg = Release|Any CPU
		{DD7EC4D5-EEAC-4655-AC0E-D8B561074790}.Ad-Hoc|x86.Build.0 = Release|Any CPU
		{DD7EC4D5-EEAC-4655-AC0E-D8B561074790}.Ad-Hoc|x86.Deploy.0 = Release|Any CPU
		{DD7EC4D5-EEAC-4655-AC0E-D8B561074790}.AppStore|Any CPU.ActiveCfg = Release|Any CPU
		{DD7EC4D5-EEAC-4655-AC0E-D8B561074790}.AppStore|Any CPU.Build.0 = Release|Any CPU
		{DD7EC4D5-EEAC-4655-AC0E-D8B561074790}.AppStore|Any CPU.Deploy.0 = Release|Any CPU
		{DD7EC4D5-EEAC-4655-AC0E-D8B561074790}.AppStore|ARM.ActiveCfg = Release|Any CPU
		{DD7EC4D5-EEAC-4655-AC0E-D8B561074790}.AppStore|ARM.Build.0 = Release|Any CPU
		{DD7EC4D5-EEAC-4655-AC0E-D8B561074790}.AppStore|ARM.Deploy.0 = Release|Any CPU
		{DD7EC4D5-EEAC-4655-AC0E-D8B561074790}.AppStore|iPhone.ActiveCfg = Release|Any CPU
		{DD7EC4D5-EEAC-4655-AC0E-D8B561074790}.AppStore|iPhone.Build.0 = Release|Any CPU
		{DD7EC4D5-EEAC-4655-AC0E-D8B561074790}.AppStore|iPhone.Deploy.0 = Release|Any CPU
		{DD7EC4D5-EEAC-4655-AC0E-D8B561074790}.AppStore|iPhoneSimulator.ActiveCfg = Release|Any CPU
		{DD7EC4D5-EEAC-4655-AC0E-D8B561074790}.AppStore|iPhoneSimulator.Build.0 = Release|Any CPU
		{DD7EC4D5-EEAC-4655-AC0E-D8B561074790}.AppStore|iPhoneSimulator.Deploy.0 = Release|Any CPU
		{DD7EC4D5-EEAC-4655-AC0E-D8B561074790}.AppStore|x64.ActiveCfg = Release|Any CPU
		{DD7EC4D5-EEAC-4655-AC0E-D8B561074790}.AppStore|x64.Build.0 = Release|Any CPU
		{DD7EC4D5-EEAC-4655-AC0E-D8B561074790}.AppStore|x64.Deploy.0 = Release|Any CPU
		{DD7EC4D5-EEAC-4655-AC0E-D8B561074790}.AppStore|x86.ActiveCfg = Release|Any CPU
		{DD7EC4D5-EEAC-4655-AC0E-D8B561074790}.AppStore|x86.Build.0 = Release|Any CPU
		{DD7EC4D5-EEAC-4655-AC0E-D8B561074790}.AppStore|x86.Deploy.0 = Release|Any CPU
		{DD7EC4D5-EEAC-4655-AC0E-D8B561074790}.Debug|Any CPU.ActiveCfg = Debug|Any CPU
		{DD7EC4D5-EEAC-4655-AC0E-D8B561074790}.Debug|Any CPU.Build.0 = Debug|Any CPU
		{DD7EC4D5-EEAC-4655-AC0E-D8B561074790}.Debug|Any CPU.Deploy.0 = Debug|Any CPU
		{DD7EC4D5-EEAC-4655-AC0E-D8B561074790}.Debug|ARM.ActiveCfg = Debug|Any CPU
		{DD7EC4D5-EEAC-4655-AC0E-D8B561074790}.Debug|ARM.Build.0 = Debug|Any CPU
		{DD7EC4D5-EEAC-4655-AC0E-D8B561074790}.Debug|ARM.Deploy.0 = Debug|Any CPU
		{DD7EC4D5-EEAC-4655-AC0E-D8B561074790}.Debug|iPhone.ActiveCfg = Debug|Any CPU
		{DD7EC4D5-EEAC-4655-AC0E-D8B561074790}.Debug|iPhone.Build.0 = Debug|Any CPU
		{DD7EC4D5-EEAC-4655-AC0E-D8B561074790}.Debug|iPhone.Deploy.0 = Debug|Any CPU
		{DD7EC4D5-EEAC-4655-AC0E-D8B561074790}.Debug|iPhoneSimulator.ActiveCfg = Debug|Any CPU
		{DD7EC4D5-EEAC-4655-AC0E-D8B561074790}.Debug|iPhoneSimulator.Build.0 = Debug|Any CPU
		{DD7EC4D5-EEAC-4655-AC0E-D8B561074790}.Debug|iPhoneSimulator.Deploy.0 = Debug|Any CPU
		{DD7EC4D5-EEAC-4655-AC0E-D8B561074790}.Debug|x64.ActiveCfg = Debug|Any CPU
		{DD7EC4D5-EEAC-4655-AC0E-D8B561074790}.Debug|x64.Build.0 = Debug|Any CPU
		{DD7EC4D5-EEAC-4655-AC0E-D8B561074790}.Debug|x64.Deploy.0 = Debug|Any CPU
		{DD7EC4D5-EEAC-4655-AC0E-D8B561074790}.Debug|x86.ActiveCfg = Debug|Any CPU
		{DD7EC4D5-EEAC-4655-AC0E-D8B561074790}.Debug|x86.Build.0 = Debug|Any CPU
		{DD7EC4D5-EEAC-4655-AC0E-D8B561074790}.Debug|x86.Deploy.0 = Debug|Any CPU
		{DD7EC4D5-EEAC-4655-AC0E-D8B561074790}.Release|Any CPU.ActiveCfg = Release|Any CPU
		{DD7EC4D5-EEAC-4655-AC0E-D8B561074790}.Release|Any CPU.Build.0 = Release|Any CPU
		{DD7EC4D5-EEAC-4655-AC0E-D8B561074790}.Release|Any CPU.Deploy.0 = Release|Any CPU
		{DD7EC4D5-EEAC-4655-AC0E-D8B561074790}.Release|ARM.ActiveCfg = Release|Any CPU
		{DD7EC4D5-EEAC-4655-AC0E-D8B561074790}.Release|ARM.Build.0 = Release|Any CPU
		{DD7EC4D5-EEAC-4655-AC0E-D8B561074790}.Release|ARM.Deploy.0 = Release|Any CPU
		{DD7EC4D5-EEAC-4655-AC0E-D8B561074790}.Release|iPhone.ActiveCfg = Release|Any CPU
		{DD7EC4D5-EEAC-4655-AC0E-D8B561074790}.Release|iPhone.Build.0 = Release|Any CPU
		{DD7EC4D5-EEAC-4655-AC0E-D8B561074790}.Release|iPhone.Deploy.0 = Release|Any CPU
		{DD7EC4D5-EEAC-4655-AC0E-D8B561074790}.Release|iPhoneSimulator.ActiveCfg = Release|Any CPU
		{DD7EC4D5-EEAC-4655-AC0E-D8B561074790}.Release|iPhoneSimulator.Build.0 = Release|Any CPU
		{DD7EC4D5-EEAC-4655-AC0E-D8B561074790}.Release|iPhoneSimulator.Deploy.0 = Release|Any CPU
		{DD7EC4D5-EEAC-4655-AC0E-D8B561074790}.Release|x64.ActiveCfg = Release|Any CPU
		{DD7EC4D5-EEAC-4655-AC0E-D8B561074790}.Release|x64.Build.0 = Release|Any CPU
		{DD7EC4D5-EEAC-4655-AC0E-D8B561074790}.Release|x64.Deploy.0 = Release|Any CPU
		{DD7EC4D5-EEAC-4655-AC0E-D8B561074790}.Release|x86.ActiveCfg = Release|Any CPU
		{DD7EC4D5-EEAC-4655-AC0E-D8B561074790}.Release|x86.Build.0 = Release|Any CPU
		{DD7EC4D5-EEAC-4655-AC0E-D8B561074790}.Release|x86.Deploy.0 = Release|Any CPU
		{869EB170-D63F-49A8-A4A5-255ED39FCA29}.Ad-Hoc|Any CPU.ActiveCfg = Ad-Hoc|iPhone
		{869EB170-D63F-49A8-A4A5-255ED39FCA29}.Ad-Hoc|Any CPU.Build.0 = Ad-Hoc|iPhone
		{869EB170-D63F-49A8-A4A5-255ED39FCA29}.Ad-Hoc|Any CPU.Deploy.0 = Ad-Hoc|iPhone
		{869EB170-D63F-49A8-A4A5-255ED39FCA29}.Ad-Hoc|ARM.ActiveCfg = Ad-Hoc|iPhone
		{869EB170-D63F-49A8-A4A5-255ED39FCA29}.Ad-Hoc|ARM.Build.0 = Ad-Hoc|iPhone
		{869EB170-D63F-49A8-A4A5-255ED39FCA29}.Ad-Hoc|ARM.Deploy.0 = Ad-Hoc|iPhone
		{869EB170-D63F-49A8-A4A5-255ED39FCA29}.Ad-Hoc|iPhone.ActiveCfg = Ad-Hoc|iPhone
		{869EB170-D63F-49A8-A4A5-255ED39FCA29}.Ad-Hoc|iPhone.Build.0 = Ad-Hoc|iPhone
		{869EB170-D63F-49A8-A4A5-255ED39FCA29}.Ad-Hoc|iPhone.Deploy.0 = Ad-Hoc|iPhone
		{869EB170-D63F-49A8-A4A5-255ED39FCA29}.Ad-Hoc|iPhoneSimulator.ActiveCfg = Ad-Hoc|iPhoneSimulator
		{869EB170-D63F-49A8-A4A5-255ED39FCA29}.Ad-Hoc|iPhoneSimulator.Build.0 = Ad-Hoc|iPhoneSimulator
		{869EB170-D63F-49A8-A4A5-255ED39FCA29}.Ad-Hoc|iPhoneSimulator.Deploy.0 = Ad-Hoc|iPhoneSimulator
		{869EB170-D63F-49A8-A4A5-255ED39FCA29}.Ad-Hoc|x64.ActiveCfg = Ad-Hoc|iPhone
		{869EB170-D63F-49A8-A4A5-255ED39FCA29}.Ad-Hoc|x64.Build.0 = Ad-Hoc|iPhone
		{869EB170-D63F-49A8-A4A5-255ED39FCA29}.Ad-Hoc|x64.Deploy.0 = Ad-Hoc|iPhone
		{869EB170-D63F-49A8-A4A5-255ED39FCA29}.Ad-Hoc|x86.ActiveCfg = Ad-Hoc|iPhone
		{869EB170-D63F-49A8-A4A5-255ED39FCA29}.Ad-Hoc|x86.Build.0 = Ad-Hoc|iPhone
		{869EB170-D63F-49A8-A4A5-255ED39FCA29}.Ad-Hoc|x86.Deploy.0 = Ad-Hoc|iPhone
		{869EB170-D63F-49A8-A4A5-255ED39FCA29}.AppStore|Any CPU.ActiveCfg = AppStore|iPhone
		{869EB170-D63F-49A8-A4A5-255ED39FCA29}.AppStore|Any CPU.Build.0 = AppStore|iPhone
		{869EB170-D63F-49A8-A4A5-255ED39FCA29}.AppStore|Any CPU.Deploy.0 = AppStore|iPhone
		{869EB170-D63F-49A8-A4A5-255ED39FCA29}.AppStore|ARM.ActiveCfg = AppStore|iPhone
		{869EB170-D63F-49A8-A4A5-255ED39FCA29}.AppStore|ARM.Build.0 = AppStore|iPhone
		{869EB170-D63F-49A8-A4A5-255ED39FCA29}.AppStore|ARM.Deploy.0 = AppStore|iPhone
		{869EB170-D63F-49A8-A4A5-255ED39FCA29}.AppStore|iPhone.ActiveCfg = AppStore|iPhone
		{869EB170-D63F-49A8-A4A5-255ED39FCA29}.AppStore|iPhone.Build.0 = AppStore|iPhone
		{869EB170-D63F-49A8-A4A5-255ED39FCA29}.AppStore|iPhone.Deploy.0 = AppStore|iPhone
		{869EB170-D63F-49A8-A4A5-255ED39FCA29}.AppStore|iPhoneSimulator.ActiveCfg = AppStore|iPhoneSimulator
		{869EB170-D63F-49A8-A4A5-255ED39FCA29}.AppStore|iPhoneSimulator.Build.0 = AppStore|iPhoneSimulator
		{869EB170-D63F-49A8-A4A5-255ED39FCA29}.AppStore|iPhoneSimulator.Deploy.0 = AppStore|iPhoneSimulator
		{869EB170-D63F-49A8-A4A5-255ED39FCA29}.AppStore|x64.ActiveCfg = AppStore|iPhone
		{869EB170-D63F-49A8-A4A5-255ED39FCA29}.AppStore|x64.Build.0 = AppStore|iPhone
		{869EB170-D63F-49A8-A4A5-255ED39FCA29}.AppStore|x64.Deploy.0 = AppStore|iPhone
		{869EB170-D63F-49A8-A4A5-255ED39FCA29}.AppStore|x86.ActiveCfg = AppStore|iPhone
		{869EB170-D63F-49A8-A4A5-255ED39FCA29}.AppStore|x86.Build.0 = AppStore|iPhone
		{869EB170-D63F-49A8-A4A5-255ED39FCA29}.AppStore|x86.Deploy.0 = AppStore|iPhone
		{869EB170-D63F-49A8-A4A5-255ED39FCA29}.Debug|Any CPU.ActiveCfg = Debug|iPhoneSimulator
		{869EB170-D63F-49A8-A4A5-255ED39FCA29}.Debug|Any CPU.Build.0 = Debug|iPhoneSimulator
		{869EB170-D63F-49A8-A4A5-255ED39FCA29}.Debug|Any CPU.Deploy.0 = Debug|iPhoneSimulator
		{869EB170-D63F-49A8-A4A5-255ED39FCA29}.Debug|ARM.ActiveCfg = Debug|iPhone
		{869EB170-D63F-49A8-A4A5-255ED39FCA29}.Debug|ARM.Build.0 = Debug|iPhone
		{869EB170-D63F-49A8-A4A5-255ED39FCA29}.Debug|ARM.Deploy.0 = Debug|iPhone
		{869EB170-D63F-49A8-A4A5-255ED39FCA29}.Debug|iPhone.ActiveCfg = Debug|iPhone
		{869EB170-D63F-49A8-A4A5-255ED39FCA29}.Debug|iPhone.Build.0 = Debug|iPhone
		{869EB170-D63F-49A8-A4A5-255ED39FCA29}.Debug|iPhone.Deploy.0 = Debug|iPhone
		{869EB170-D63F-49A8-A4A5-255ED39FCA29}.Debug|iPhoneSimulator.ActiveCfg = Debug|iPhoneSimulator
		{869EB170-D63F-49A8-A4A5-255ED39FCA29}.Debug|iPhoneSimulator.Build.0 = Debug|iPhoneSimulator
		{869EB170-D63F-49A8-A4A5-255ED39FCA29}.Debug|iPhoneSimulator.Deploy.0 = Debug|iPhoneSimulator
		{869EB170-D63F-49A8-A4A5-255ED39FCA29}.Debug|x64.ActiveCfg = Debug|iPhone
		{869EB170-D63F-49A8-A4A5-255ED39FCA29}.Debug|x64.Build.0 = Debug|iPhone
		{869EB170-D63F-49A8-A4A5-255ED39FCA29}.Debug|x64.Deploy.0 = Debug|iPhone
		{869EB170-D63F-49A8-A4A5-255ED39FCA29}.Debug|x86.ActiveCfg = Debug|iPhone
		{869EB170-D63F-49A8-A4A5-255ED39FCA29}.Debug|x86.Build.0 = Debug|iPhone
		{869EB170-D63F-49A8-A4A5-255ED39FCA29}.Debug|x86.Deploy.0 = Debug|iPhone
		{869EB170-D63F-49A8-A4A5-255ED39FCA29}.Release|Any CPU.ActiveCfg = Release|iPhone
		{869EB170-D63F-49A8-A4A5-255ED39FCA29}.Release|Any CPU.Build.0 = Release|iPhone
		{869EB170-D63F-49A8-A4A5-255ED39FCA29}.Release|Any CPU.Deploy.0 = Release|iPhone
		{869EB170-D63F-49A8-A4A5-255ED39FCA29}.Release|ARM.ActiveCfg = Release|iPhone
		{869EB170-D63F-49A8-A4A5-255ED39FCA29}.Release|ARM.Build.0 = Release|iPhone
		{869EB170-D63F-49A8-A4A5-255ED39FCA29}.Release|ARM.Deploy.0 = Release|iPhone
		{869EB170-D63F-49A8-A4A5-255ED39FCA29}.Release|iPhone.ActiveCfg = Release|iPhone
		{869EB170-D63F-49A8-A4A5-255ED39FCA29}.Release|iPhone.Build.0 = Release|iPhone
		{869EB170-D63F-49A8-A4A5-255ED39FCA29}.Release|iPhone.Deploy.0 = Release|iPhone
		{869EB170-D63F-49A8-A4A5-255ED39FCA29}.Release|iPhoneSimulator.ActiveCfg = Release|iPhoneSimulator
		{869EB170-D63F-49A8-A4A5-255ED39FCA29}.Release|iPhoneSimulator.Build.0 = Release|iPhoneSimulator
		{869EB170-D63F-49A8-A4A5-255ED39FCA29}.Release|iPhoneSimulator.Deploy.0 = Release|iPhoneSimulator
		{869EB170-D63F-49A8-A4A5-255ED39FCA29}.Release|x64.ActiveCfg = Release|iPhone
		{869EB170-D63F-49A8-A4A5-255ED39FCA29}.Release|x64.Build.0 = Release|iPhone
		{869EB170-D63F-49A8-A4A5-255ED39FCA29}.Release|x64.Deploy.0 = Release|iPhone
		{869EB170-D63F-49A8-A4A5-255ED39FCA29}.Release|x86.ActiveCfg = Release|iPhone
		{869EB170-D63F-49A8-A4A5-255ED39FCA29}.Release|x86.Build.0 = Release|iPhone
		{869EB170-D63F-49A8-A4A5-255ED39FCA29}.Release|x86.Deploy.0 = Release|iPhone
		{4BD1D62B-6480-41F4-8DAA-9787EB28156A}.Ad-Hoc|Any CPU.ActiveCfg = Release|x86
		{4BD1D62B-6480-41F4-8DAA-9787EB28156A}.Ad-Hoc|Any CPU.Build.0 = Release|x86
		{4BD1D62B-6480-41F4-8DAA-9787EB28156A}.Ad-Hoc|Any CPU.Deploy.0 = Release|x86
		{4BD1D62B-6480-41F4-8DAA-9787EB28156A}.Ad-Hoc|ARM.ActiveCfg = Release|ARM
		{4BD1D62B-6480-41F4-8DAA-9787EB28156A}.Ad-Hoc|ARM.Build.0 = Release|ARM
		{4BD1D62B-6480-41F4-8DAA-9787EB28156A}.Ad-Hoc|ARM.Deploy.0 = Release|ARM
		{4BD1D62B-6480-41F4-8DAA-9787EB28156A}.Ad-Hoc|iPhone.ActiveCfg = Release|x86
		{4BD1D62B-6480-41F4-8DAA-9787EB28156A}.Ad-Hoc|iPhone.Build.0 = Release|x86
		{4BD1D62B-6480-41F4-8DAA-9787EB28156A}.Ad-Hoc|iPhone.Deploy.0 = Release|x86
		{4BD1D62B-6480-41F4-8DAA-9787EB28156A}.Ad-Hoc|iPhoneSimulator.ActiveCfg = Release|x86
		{4BD1D62B-6480-41F4-8DAA-9787EB28156A}.Ad-Hoc|iPhoneSimulator.Build.0 = Release|x86
		{4BD1D62B-6480-41F4-8DAA-9787EB28156A}.Ad-Hoc|iPhoneSimulator.Deploy.0 = Release|x86
		{4BD1D62B-6480-41F4-8DAA-9787EB28156A}.Ad-Hoc|x64.ActiveCfg = Release|x64
		{4BD1D62B-6480-41F4-8DAA-9787EB28156A}.Ad-Hoc|x64.Build.0 = Release|x64
		{4BD1D62B-6480-41F4-8DAA-9787EB28156A}.Ad-Hoc|x64.Deploy.0 = Release|x64
		{4BD1D62B-6480-41F4-8DAA-9787EB28156A}.Ad-Hoc|x86.ActiveCfg = Release|x86
		{4BD1D62B-6480-41F4-8DAA-9787EB28156A}.Ad-Hoc|x86.Build.0 = Release|x86
		{4BD1D62B-6480-41F4-8DAA-9787EB28156A}.Ad-Hoc|x86.Deploy.0 = Release|x86
		{4BD1D62B-6480-41F4-8DAA-9787EB28156A}.AppStore|Any CPU.ActiveCfg = Release|x86
		{4BD1D62B-6480-41F4-8DAA-9787EB28156A}.AppStore|Any CPU.Build.0 = Release|x86
		{4BD1D62B-6480-41F4-8DAA-9787EB28156A}.AppStore|Any CPU.Deploy.0 = Release|x86
		{4BD1D62B-6480-41F4-8DAA-9787EB28156A}.AppStore|ARM.ActiveCfg = Release|ARM
		{4BD1D62B-6480-41F4-8DAA-9787EB28156A}.AppStore|ARM.Build.0 = Release|ARM
		{4BD1D62B-6480-41F4-8DAA-9787EB28156A}.AppStore|ARM.Deploy.0 = Release|ARM
		{4BD1D62B-6480-41F4-8DAA-9787EB28156A}.AppStore|iPhone.ActiveCfg = Release|x86
		{4BD1D62B-6480-41F4-8DAA-9787EB28156A}.AppStore|iPhone.Build.0 = Release|x86
		{4BD1D62B-6480-41F4-8DAA-9787EB28156A}.AppStore|iPhone.Deploy.0 = Release|x86
		{4BD1D62B-6480-41F4-8DAA-9787EB28156A}.AppStore|iPhoneSimulator.ActiveCfg = Release|x86
		{4BD1D62B-6480-41F4-8DAA-9787EB28156A}.AppStore|iPhoneSimulator.Build.0 = Release|x86
		{4BD1D62B-6480-41F4-8DAA-9787EB28156A}.AppStore|iPhoneSimulator.Deploy.0 = Release|x86
		{4BD1D62B-6480-41F4-8DAA-9787EB28156A}.AppStore|x64.ActiveCfg = Release|x64
		{4BD1D62B-6480-41F4-8DAA-9787EB28156A}.AppStore|x64.Build.0 = Release|x64
		{4BD1D62B-6480-41F4-8DAA-9787EB28156A}.AppStore|x64.Deploy.0 = Release|x64
		{4BD1D62B-6480-41F4-8DAA-9787EB28156A}.AppStore|x86.ActiveCfg = Release|x86
		{4BD1D62B-6480-41F4-8DAA-9787EB28156A}.AppStore|x86.Build.0 = Release|x86
		{4BD1D62B-6480-41F4-8DAA-9787EB28156A}.AppStore|x86.Deploy.0 = Release|x86
		{4BD1D62B-6480-41F4-8DAA-9787EB28156A}.Debug|Any CPU.ActiveCfg = Debug|x86
		{4BD1D62B-6480-41F4-8DAA-9787EB28156A}.Debug|Any CPU.Build.0 = Debug|x86
		{4BD1D62B-6480-41F4-8DAA-9787EB28156A}.Debug|Any CPU.Deploy.0 = Debug|x86
		{4BD1D62B-6480-41F4-8DAA-9787EB28156A}.Debug|ARM.ActiveCfg = Debug|ARM
		{4BD1D62B-6480-41F4-8DAA-9787EB28156A}.Debug|ARM.Build.0 = Debug|ARM
		{4BD1D62B-6480-41F4-8DAA-9787EB28156A}.Debug|ARM.Deploy.0 = Debug|ARM
		{4BD1D62B-6480-41F4-8DAA-9787EB28156A}.Debug|iPhone.ActiveCfg = Debug|x86
		{4BD1D62B-6480-41F4-8DAA-9787EB28156A}.Debug|iPhone.Build.0 = Debug|x86
		{4BD1D62B-6480-41F4-8DAA-9787EB28156A}.Debug|iPhone.Deploy.0 = Debug|x86
		{4BD1D62B-6480-41F4-8DAA-9787EB28156A}.Debug|iPhoneSimulator.ActiveCfg = Debug|x86
		{4BD1D62B-6480-41F4-8DAA-9787EB28156A}.Debug|iPhoneSimulator.Build.0 = Debug|x86
		{4BD1D62B-6480-41F4-8DAA-9787EB28156A}.Debug|iPhoneSimulator.Deploy.0 = Debug|x86
		{4BD1D62B-6480-41F4-8DAA-9787EB28156A}.Debug|x64.ActiveCfg = Debug|x64
		{4BD1D62B-6480-41F4-8DAA-9787EB28156A}.Debug|x64.Build.0 = Debug|x64
		{4BD1D62B-6480-41F4-8DAA-9787EB28156A}.Debug|x64.Deploy.0 = Debug|x64
		{4BD1D62B-6480-41F4-8DAA-9787EB28156A}.Debug|x86.ActiveCfg = Debug|x86
		{4BD1D62B-6480-41F4-8DAA-9787EB28156A}.Debug|x86.Build.0 = Debug|x86
		{4BD1D62B-6480-41F4-8DAA-9787EB28156A}.Debug|x86.Deploy.0 = Debug|x86
		{4BD1D62B-6480-41F4-8DAA-9787EB28156A}.Release|Any CPU.ActiveCfg = Release|x86
		{4BD1D62B-6480-41F4-8DAA-9787EB28156A}.Release|Any CPU.Build.0 = Release|x86
		{4BD1D62B-6480-41F4-8DAA-9787EB28156A}.Release|Any CPU.Deploy.0 = Release|x86
		{4BD1D62B-6480-41F4-8DAA-9787EB28156A}.Release|ARM.ActiveCfg = Release|ARM
		{4BD1D62B-6480-41F4-8DAA-9787EB28156A}.Release|ARM.Build.0 = Release|ARM
		{4BD1D62B-6480-41F4-8DAA-9787EB28156A}.Release|ARM.Deploy.0 = Release|ARM
		{4BD1D62B-6480-41F4-8DAA-9787EB28156A}.Release|iPhone.ActiveCfg = Release|x86
		{4BD1D62B-6480-41F4-8DAA-9787EB28156A}.Release|iPhone.Build.0 = Release|x86
		{4BD1D62B-6480-41F4-8DAA-9787EB28156A}.Release|iPhone.Deploy.0 = Release|x86
		{4BD1D62B-6480-41F4-8DAA-9787EB28156A}.Release|iPhoneSimulator.ActiveCfg = Release|x86
		{4BD1D62B-6480-41F4-8DAA-9787EB28156A}.Release|iPhoneSimulator.Build.0 = Release|x86
		{4BD1D62B-6480-41F4-8DAA-9787EB28156A}.Release|iPhoneSimulator.Deploy.0 = Release|x86
		{4BD1D62B-6480-41F4-8DAA-9787EB28156A}.Release|x64.ActiveCfg = Release|x64
		{4BD1D62B-6480-41F4-8DAA-9787EB28156A}.Release|x64.Build.0 = Release|x64
		{4BD1D62B-6480-41F4-8DAA-9787EB28156A}.Release|x64.Deploy.0 = Release|x64
		{4BD1D62B-6480-41F4-8DAA-9787EB28156A}.Release|x86.ActiveCfg = Release|x86
		{4BD1D62B-6480-41F4-8DAA-9787EB28156A}.Release|x86.Build.0 = Release|x86
		{4BD1D62B-6480-41F4-8DAA-9787EB28156A}.Release|x86.Deploy.0 = Release|x86
		{FF84B04B-AEB9-48D2-9657-647BC34F9D4B}.Ad-Hoc|Any CPU.ActiveCfg = Debug|Any CPU
		{FF84B04B-AEB9-48D2-9657-647BC34F9D4B}.Ad-Hoc|Any CPU.Build.0 = Debug|Any CPU
		{FF84B04B-AEB9-48D2-9657-647BC34F9D4B}.Ad-Hoc|Any CPU.Deploy.0 = Debug|Any CPU
		{FF84B04B-AEB9-48D2-9657-647BC34F9D4B}.Ad-Hoc|ARM.ActiveCfg = Debug|Any CPU
		{FF84B04B-AEB9-48D2-9657-647BC34F9D4B}.Ad-Hoc|ARM.Build.0 = Debug|Any CPU
		{FF84B04B-AEB9-48D2-9657-647BC34F9D4B}.Ad-Hoc|ARM.Deploy.0 = Debug|Any CPU
		{FF84B04B-AEB9-48D2-9657-647BC34F9D4B}.Ad-Hoc|iPhone.ActiveCfg = Debug|Any CPU
		{FF84B04B-AEB9-48D2-9657-647BC34F9D4B}.Ad-Hoc|iPhone.Build.0 = Debug|Any CPU
		{FF84B04B-AEB9-48D2-9657-647BC34F9D4B}.Ad-Hoc|iPhone.Deploy.0 = Debug|Any CPU
		{FF84B04B-AEB9-48D2-9657-647BC34F9D4B}.Ad-Hoc|iPhoneSimulator.ActiveCfg = Debug|Any CPU
		{FF84B04B-AEB9-48D2-9657-647BC34F9D4B}.Ad-Hoc|iPhoneSimulator.Build.0 = Debug|Any CPU
		{FF84B04B-AEB9-48D2-9657-647BC34F9D4B}.Ad-Hoc|iPhoneSimulator.Deploy.0 = Debug|Any CPU
		{FF84B04B-AEB9-48D2-9657-647BC34F9D4B}.Ad-Hoc|x64.ActiveCfg = Debug|Any CPU
		{FF84B04B-AEB9-48D2-9657-647BC34F9D4B}.Ad-Hoc|x64.Build.0 = Debug|Any CPU
		{FF84B04B-AEB9-48D2-9657-647BC34F9D4B}.Ad-Hoc|x64.Deploy.0 = Debug|Any CPU
		{FF84B04B-AEB9-48D2-9657-647BC34F9D4B}.Ad-Hoc|x86.ActiveCfg = Debug|Any CPU
		{FF84B04B-AEB9-48D2-9657-647BC34F9D4B}.Ad-Hoc|x86.Build.0 = Debug|Any CPU
		{FF84B04B-AEB9-48D2-9657-647BC34F9D4B}.Ad-Hoc|x86.Deploy.0 = Debug|Any CPU
		{FF84B04B-AEB9-48D2-9657-647BC34F9D4B}.AppStore|Any CPU.ActiveCfg = Debug|Any CPU
		{FF84B04B-AEB9-48D2-9657-647BC34F9D4B}.AppStore|Any CPU.Build.0 = Debug|Any CPU
		{FF84B04B-AEB9-48D2-9657-647BC34F9D4B}.AppStore|Any CPU.Deploy.0 = Debug|Any CPU
		{FF84B04B-AEB9-48D2-9657-647BC34F9D4B}.AppStore|ARM.ActiveCfg = Debug|Any CPU
		{FF84B04B-AEB9-48D2-9657-647BC34F9D4B}.AppStore|ARM.Build.0 = Debug|Any CPU
		{FF84B04B-AEB9-48D2-9657-647BC34F9D4B}.AppStore|ARM.Deploy.0 = Debug|Any CPU
		{FF84B04B-AEB9-48D2-9657-647BC34F9D4B}.AppStore|iPhone.ActiveCfg = Debug|Any CPU
		{FF84B04B-AEB9-48D2-9657-647BC34F9D4B}.AppStore|iPhone.Build.0 = Debug|Any CPU
		{FF84B04B-AEB9-48D2-9657-647BC34F9D4B}.AppStore|iPhone.Deploy.0 = Debug|Any CPU
		{FF84B04B-AEB9-48D2-9657-647BC34F9D4B}.AppStore|iPhoneSimulator.ActiveCfg = Debug|Any CPU
		{FF84B04B-AEB9-48D2-9657-647BC34F9D4B}.AppStore|iPhoneSimulator.Build.0 = Debug|Any CPU
		{FF84B04B-AEB9-48D2-9657-647BC34F9D4B}.AppStore|iPhoneSimulator.Deploy.0 = Debug|Any CPU
		{FF84B04B-AEB9-48D2-9657-647BC34F9D4B}.AppStore|x64.ActiveCfg = Debug|Any CPU
		{FF84B04B-AEB9-48D2-9657-647BC34F9D4B}.AppStore|x64.Build.0 = Debug|Any CPU
		{FF84B04B-AEB9-48D2-9657-647BC34F9D4B}.AppStore|x64.Deploy.0 = Debug|Any CPU
		{FF84B04B-AEB9-48D2-9657-647BC34F9D4B}.AppStore|x86.ActiveCfg = Debug|Any CPU
		{FF84B04B-AEB9-48D2-9657-647BC34F9D4B}.AppStore|x86.Build.0 = Debug|Any CPU
		{FF84B04B-AEB9-48D2-9657-647BC34F9D4B}.AppStore|x86.Deploy.0 = Debug|Any CPU
		{FF84B04B-AEB9-48D2-9657-647BC34F9D4B}.Debug|Any CPU.ActiveCfg = Debug|Any CPU
		{FF84B04B-AEB9-48D2-9657-647BC34F9D4B}.Debug|Any CPU.Build.0 = Debug|Any CPU
		{FF84B04B-AEB9-48D2-9657-647BC34F9D4B}.Debug|Any CPU.Deploy.0 = Debug|Any CPU
		{FF84B04B-AEB9-48D2-9657-647BC34F9D4B}.Debug|ARM.ActiveCfg = Debug|Any CPU
		{FF84B04B-AEB9-48D2-9657-647BC34F9D4B}.Debug|ARM.Build.0 = Debug|Any CPU
		{FF84B04B-AEB9-48D2-9657-647BC34F9D4B}.Debug|ARM.Deploy.0 = Debug|Any CPU
		{FF84B04B-AEB9-48D2-9657-647BC34F9D4B}.Debug|iPhone.ActiveCfg = Debug|Any CPU
		{FF84B04B-AEB9-48D2-9657-647BC34F9D4B}.Debug|iPhone.Build.0 = Debug|Any CPU
		{FF84B04B-AEB9-48D2-9657-647BC34F9D4B}.Debug|iPhone.Deploy.0 = Debug|Any CPU
		{FF84B04B-AEB9-48D2-9657-647BC34F9D4B}.Debug|iPhoneSimulator.ActiveCfg = Debug|Any CPU
		{FF84B04B-AEB9-48D2-9657-647BC34F9D4B}.Debug|iPhoneSimulator.Build.0 = Debug|Any CPU
		{FF84B04B-AEB9-48D2-9657-647BC34F9D4B}.Debug|iPhoneSimulator.Deploy.0 = Debug|Any CPU
		{FF84B04B-AEB9-48D2-9657-647BC34F9D4B}.Debug|x64.ActiveCfg = Debug|Any CPU
		{FF84B04B-AEB9-48D2-9657-647BC34F9D4B}.Debug|x64.Build.0 = Debug|Any CPU
		{FF84B04B-AEB9-48D2-9657-647BC34F9D4B}.Debug|x64.Deploy.0 = Debug|Any CPU
		{FF84B04B-AEB9-48D2-9657-647BC34F9D4B}.Debug|x86.ActiveCfg = Debug|Any CPU
		{FF84B04B-AEB9-48D2-9657-647BC34F9D4B}.Debug|x86.Build.0 = Debug|Any CPU
		{FF84B04B-AEB9-48D2-9657-647BC34F9D4B}.Debug|x86.Deploy.0 = Debug|Any CPU
		{FF84B04B-AEB9-48D2-9657-647BC34F9D4B}.Release|Any CPU.ActiveCfg = Release|Any CPU
		{FF84B04B-AEB9-48D2-9657-647BC34F9D4B}.Release|Any CPU.Build.0 = Release|Any CPU
		{FF84B04B-AEB9-48D2-9657-647BC34F9D4B}.Release|Any CPU.Deploy.0 = Release|Any CPU
		{FF84B04B-AEB9-48D2-9657-647BC34F9D4B}.Release|ARM.ActiveCfg = Release|Any CPU
		{FF84B04B-AEB9-48D2-9657-647BC34F9D4B}.Release|ARM.Build.0 = Release|Any CPU
		{FF84B04B-AEB9-48D2-9657-647BC34F9D4B}.Release|ARM.Deploy.0 = Release|Any CPU
		{FF84B04B-AEB9-48D2-9657-647BC34F9D4B}.Release|iPhone.ActiveCfg = Release|Any CPU
		{FF84B04B-AEB9-48D2-9657-647BC34F9D4B}.Release|iPhone.Build.0 = Release|Any CPU
		{FF84B04B-AEB9-48D2-9657-647BC34F9D4B}.Release|iPhone.Deploy.0 = Release|Any CPU
		{FF84B04B-AEB9-48D2-9657-647BC34F9D4B}.Release|iPhoneSimulator.ActiveCfg = Release|Any CPU
		{FF84B04B-AEB9-48D2-9657-647BC34F9D4B}.Release|iPhoneSimulator.Build.0 = Release|Any CPU
		{FF84B04B-AEB9-48D2-9657-647BC34F9D4B}.Release|iPhoneSimulator.Deploy.0 = Release|Any CPU
		{FF84B04B-AEB9-48D2-9657-647BC34F9D4B}.Release|x64.ActiveCfg = Release|Any CPU
		{FF84B04B-AEB9-48D2-9657-647BC34F9D4B}.Release|x64.Build.0 = Release|Any CPU
		{FF84B04B-AEB9-48D2-9657-647BC34F9D4B}.Release|x64.Deploy.0 = Release|Any CPU
		{FF84B04B-AEB9-48D2-9657-647BC34F9D4B}.Release|x86.ActiveCfg = Release|Any CPU
		{FF84B04B-AEB9-48D2-9657-647BC34F9D4B}.Release|x86.Build.0 = Release|Any CPU
		{FF84B04B-AEB9-48D2-9657-647BC34F9D4B}.Release|x86.Deploy.0 = Release|Any CPU
	EndGlobalSection
	GlobalSection(SolutionProperties) = preSolution
		HideSolutionNode = FALSE
	EndGlobalSection
	GlobalSection(ExtensibilityGlobals) = postSolution
		SolutionGuid = {5328F3B2-315C-4EF2-AAE8-611BEF65F2DA}
	EndGlobalSection
EndGlobal
